
Microsoft Visual Studio Solution File, Format Version 12.00
# Visual Studio Version 16
VisualStudioVersion = 16.0.29709.97
MinimumVisualStudioVersion = 15.0.26124.0
Project("{9A19103F-16F7-4668-BE54-9A1E7A4F7556}") = "API", "API\API.csproj", "{F21604AB-6790-4204-9B3D-BC074A5E2289}"
EndProject
Project("{9A19103F-16F7-4668-BE54-9A1E7A4F7556}") = "Application", "Application\Application.csproj", "{6EC9DD8B-8773-4CB1-AC3D-07EA219BBC8D}"
EndProject
Project("{9A19103F-16F7-4668-BE54-9A1E7A4F7556}") = "Domain", "Domain\Domain.csproj", "{74B3BE43-6951-44BD-B11F-17AF43A4481E}"
EndProject
Project("{9A19103F-16F7-4668-BE54-9A1E7A4F7556}") = "Persistent", "Persistent\Persistent.csproj", "{FAA56EBF-C272-422B-BDD8-11304475C768}"
EndProject
Project("{FAE04EC0-301F-11D3-BF4B-00C04F79EFBC}") = "Infrastructure", "Infrastructure\Infrastructure.csproj", "{441E80F2-6B4B-4092-B35A-C65FFA1E9775}"
EndProject
Global
	GlobalSection(SolutionConfigurationPlatforms) = preSolution
		Debug|Any CPU = Debug|Any CPU
		Debug|x64 = Debug|x64
		Debug|x86 = Debug|x86
		Release|Any CPU = Release|Any CPU
		Release|x64 = Release|x64
		Release|x86 = Release|x86
	EndGlobalSection
	GlobalSection(ProjectConfigurationPlatforms) = postSolution
		{F21604AB-6790-4204-9B3D-BC074A5E2289}.Debug|Any CPU.ActiveCfg = Debug|Any CPU
		{F21604AB-6790-4204-9B3D-BC074A5E2289}.Debug|Any CPU.Build.0 = Debug|Any CPU
		{F21604AB-6790-4204-9B3D-BC074A5E2289}.Debug|x64.ActiveCfg = Debug|Any CPU
		{F21604AB-6790-4204-9B3D-BC074A5E2289}.Debug|x64.Build.0 = Debug|Any CPU
		{F21604AB-6790-4204-9B3D-BC074A5E2289}.Debug|x86.ActiveCfg = Debug|Any CPU
		{F21604AB-6790-4204-9B3D-BC074A5E2289}.Debug|x86.Build.0 = Debug|Any CPU
		{F21604AB-6790-4204-9B3D-BC074A5E2289}.Release|Any CPU.ActiveCfg = Release|Any CPU
		{F21604AB-6790-4204-9B3D-BC074A5E2289}.Release|Any CPU.Build.0 = Release|Any CPU
		{F21604AB-6790-4204-9B3D-BC074A5E2289}.Release|x64.ActiveCfg = Release|Any CPU
		{F21604AB-6790-4204-9B3D-BC074A5E2289}.Release|x64.Build.0 = Release|Any CPU
		{F21604AB-6790-4204-9B3D-BC074A5E2289}.Release|x86.ActiveCfg = Release|Any CPU
		{F21604AB-6790-4204-9B3D-BC074A5E2289}.Release|x86.Build.0 = Release|Any CPU
		{6EC9DD8B-8773-4CB1-AC3D-07EA219BBC8D}.Debug|Any CPU.ActiveCfg = Debug|Any CPU
		{6EC9DD8B-8773-4CB1-AC3D-07EA219BBC8D}.Debug|Any CPU.Build.0 = Debug|Any CPU
		{6EC9DD8B-8773-4CB1-AC3D-07EA219BBC8D}.Debug|x64.ActiveCfg = Debug|Any CPU
		{6EC9DD8B-8773-4CB1-AC3D-07EA219BBC8D}.Debug|x64.Build.0 = Debug|Any CPU
		{6EC9DD8B-8773-4CB1-AC3D-07EA219BBC8D}.Debug|x86.ActiveCfg = Debug|Any CPU
		{6EC9DD8B-8773-4CB1-AC3D-07EA219BBC8D}.Debug|x86.Build.0 = Debug|Any CPU
		{6EC9DD8B-8773-4CB1-AC3D-07EA219BBC8D}.Release|Any CPU.ActiveCfg = Release|Any CPU
		{6EC9DD8B-8773-4CB1-AC3D-07EA219BBC8D}.Release|Any CPU.Build.0 = Release|Any CPU
		{6EC9DD8B-8773-4CB1-AC3D-07EA219BBC8D}.Release|x64.ActiveCfg = Release|Any CPU
		{6EC9DD8B-8773-4CB1-AC3D-07EA219BBC8D}.Release|x64.Build.0 = Release|Any CPU
		{6EC9DD8B-8773-4CB1-AC3D-07EA219BBC8D}.Release|x86.ActiveCfg = Release|Any CPU
		{6EC9DD8B-8773-4CB1-AC3D-07EA219BBC8D}.Release|x86.Build.0 = Release|Any CPU
		{74B3BE43-6951-44BD-B11F-17AF43A4481E}.Debug|Any CPU.ActiveCfg = Debug|Any CPU
		{74B3BE43-6951-44BD-B11F-17AF43A4481E}.Debug|Any CPU.Build.0 = Debug|Any CPU
		{74B3BE43-6951-44BD-B11F-17AF43A4481E}.Debug|x64.ActiveCfg = Debug|Any CPU
		{74B3BE43-6951-44BD-B11F-17AF43A4481E}.Debug|x64.Build.0 = Debug|Any CPU
		{74B3BE43-6951-44BD-B11F-17AF43A4481E}.Debug|x86.ActiveCfg = Debug|Any CPU
		{74B3BE43-6951-44BD-B11F-17AF43A4481E}.Debug|x86.Build.0 = Debug|Any CPU
		{74B3BE43-6951-44BD-B11F-17AF43A4481E}.Release|Any CPU.ActiveCfg = Release|Any CPU
		{74B3BE43-6951-44BD-B11F-17AF43A4481E}.Release|Any CPU.Build.0 = Release|Any CPU
		{74B3BE43-6951-44BD-B11F-17AF43A4481E}.Release|x64.ActiveCfg = Release|Any CPU
		{74B3BE43-6951-44BD-B11F-17AF43A4481E}.Release|x64.Build.0 = Release|Any CPU
		{74B3BE43-6951-44BD-B11F-17AF43A4481E}.Release|x86.ActiveCfg = Release|Any CPU
		{74B3BE43-6951-44BD-B11F-17AF43A4481E}.Release|x86.Build.0 = Release|Any CPU
		{FAA56EBF-C272-422B-BDD8-11304475C768}.Debug|Any CPU.ActiveCfg = Debug|Any CPU
		{FAA56EBF-C272-422B-BDD8-11304475C768}.Debug|Any CPU.Build.0 = Debug|Any CPU
		{FAA56EBF-C272-422B-BDD8-11304475C768}.Debug|x64.ActiveCfg = Debug|Any CPU
		{FAA56EBF-C272-422B-BDD8-11304475C768}.Debug|x64.Build.0 = Debug|Any CPU
		{FAA56EBF-C272-422B-BDD8-11304475C768}.Debug|x86.ActiveCfg = Debug|Any CPU
		{FAA56EBF-C272-422B-BDD8-11304475C768}.Debug|x86.Build.0 = Debug|Any CPU
		{FAA56EBF-C272-422B-BDD8-11304475C768}.Release|Any CPU.ActiveCfg = Release|Any CPU
		{FAA56EBF-C272-422B-BDD8-11304475C768}.Release|Any CPU.Build.0 = Release|Any CPU
		{FAA56EBF-C272-422B-BDD8-11304475C768}.Release|x64.ActiveCfg = Release|Any CPU
		{FAA56EBF-C272-422B-BDD8-11304475C768}.Release|x64.Build.0 = Release|Any CPU
		{FAA56EBF-C272-422B-BDD8-11304475C768}.Release|x86.ActiveCfg = Release|Any CPU
		{FAA56EBF-C272-422B-BDD8-11304475C768}.Release|x86.Build.0 = Release|Any CPU
		{441E80F2-6B4B-4092-B35A-C65FFA1E9775}.Debug|Any CPU.ActiveCfg = Debug|Any CPU
		{441E80F2-6B4B-4092-B35A-C65FFA1E9775}.Debug|Any CPU.Build.0 = Debug|Any CPU
		{441E80F2-6B4B-4092-B35A-C65FFA1E9775}.Debug|x64.ActiveCfg = Debug|Any CPU
		{441E80F2-6B4B-4092-B35A-C65FFA1E9775}.Debug|x64.Build.0 = Debug|Any CPU
		{441E80F2-6B4B-4092-B35A-C65FFA1E9775}.Debug|x86.ActiveCfg = Debug|Any CPU
		{441E80F2-6B4B-4092-B35A-C65FFA1E9775}.Debug|x86.Build.0 = Debug|Any CPU
		{441E80F2-6B4B-4092-B35A-C65FFA1E9775}.Release|Any CPU.ActiveCfg = Release|Any CPU
		{441E80F2-6B4B-4092-B35A-C65FFA1E9775}.Release|Any CPU.Build.0 = Release|Any CPU
		{441E80F2-6B4B-4092-B35A-C65FFA1E9775}.Release|x64.ActiveCfg = Release|Any CPU
		{441E80F2-6B4B-4092-B35A-C65FFA1E9775}.Release|x64.Build.0 = Release|Any CPU
		{441E80F2-6B4B-4092-B35A-C65FFA1E9775}.Release|x86.ActiveCfg = Release|Any CPU
		{441E80F2-6B4B-4092-B35A-C65FFA1E9775}.Release|x86.Build.0 = Release|Any CPU
	EndGlobalSection
	GlobalSection(SolutionProperties) = preSolution
		HideSolutionNode = FALSE
	EndGlobalSection
	GlobalSection(ExtensibilityGlobals) = postSolution
		SolutionGuid = {11B7FC8E-7B6E-4069-9479-1B717ACAEC61}
	EndGlobalSection
EndGlobal
